// !$*UTF8*$!
{
	archiveVersion = 1;
	classes = {
	};
	objectVersion = 50;
	objects = {

/* Begin PBXBuildFile section */
		81BCF4282507750F00D92FC0 /* AppDelegate.swift in Sources */ = {isa = PBXBuildFile; fileRef = 81BCF4272507750F00D92FC0 /* AppDelegate.swift */; };
		81BCF42A2507750F00D92FC0 /* SceneDelegate.swift in Sources */ = {isa = PBXBuildFile; fileRef = 81BCF4292507750F00D92FC0 /* SceneDelegate.swift */; };
		81BCF42C2507750F00D92FC0 /* ViewController.swift in Sources */ = {isa = PBXBuildFile; fileRef = 81BCF42B2507750F00D92FC0 /* ViewController.swift */; };
		81BCF42F2507750F00D92FC0 /* Main.storyboard in Resources */ = {isa = PBXBuildFile; fileRef = 81BCF42D2507750F00D92FC0 /* Main.storyboard */; };
		81BCF4312507751100D92FC0 /* Assets.xcassets in Resources */ = {isa = PBXBuildFile; fileRef = 81BCF4302507751100D92FC0 /* Assets.xcassets */; };
		81BCF4342507751100D92FC0 /* LaunchScreen.storyboard in Resources */ = {isa = PBXBuildFile; fileRef = 81BCF4322507751100D92FC0 /* LaunchScreen.storyboard */; };
		81BCF43F2507751100D92FC0 /* ItsuDareGameTests.swift in Sources */ = {isa = PBXBuildFile; fileRef = 81BCF43E2507751100D92FC0 /* ItsuDareGameTests.swift */; };
		81BCF44A2507751100D92FC0 /* ItsuDareGameUITests.swift in Sources */ = {isa = PBXBuildFile; fileRef = 81BCF4492507751100D92FC0 /* ItsuDareGameUITests.swift */; };
/* End PBXBuildFile section */

/* Begin PBXContainerItemProxy section */
		81BCF43B2507751100D92FC0 /* PBXContainerItemProxy */ = {
			isa = PBXContainerItemProxy;
			containerPortal = 81BCF41C2507750F00D92FC0 /* Project object */;
			proxyType = 1;
			remoteGlobalIDString = 81BCF4232507750F00D92FC0;
			remoteInfo = ItsuDareGame;
		};
		81BCF4462507751100D92FC0 /* PBXContainerItemProxy */ = {
			isa = PBXContainerItemProxy;
			containerPortal = 81BCF41C2507750F00D92FC0 /* Project object */;
			proxyType = 1;
			remoteGlobalIDString = 81BCF4232507750F00D92FC0;
			remoteInfo = ItsuDareGame;
		};
/* End PBXContainerItemProxy section */

/* Begin PBXFileReference section */
		81BCF4242507750F00D92FC0 /* ItsuDareGame.app */ = {isa = PBXFileReference; explicitFileType = wrapper.application; includeInIndex = 0; path = ItsuDareGame.app; sourceTree = BUILT_PRODUCTS_DIR; };
		81BCF4272507750F00D92FC0 /* AppDelegate.swift */ = {isa = PBXFileReference; lastKnownFileType = sourcecode.swift; path = AppDelegate.swift; sourceTree = "<group>"; };
		81BCF4292507750F00D92FC0 /* SceneDelegate.swift */ = {isa = PBXFileReference; lastKnownFileType = sourcecode.swift; path = SceneDelegate.swift; sourceTree = "<group>"; };
		81BCF42B2507750F00D92FC0 /* ViewController.swift */ = {isa = PBXFileReference; lastKnownFileType = sourcecode.swift; path = ViewController.swift; sourceTree = "<group>"; };
		81BCF42E2507750F00D92FC0 /* Base */ = {isa = PBXFileReference; lastKnownFileType = file.storyboard; name = Base; path = Base.lproj/Main.storyboard; sourceTree = "<group>"; };
		81BCF4302507751100D92FC0 /* Assets.xcassets */ = {isa = PBXFileReference; lastKnownFileType = folder.assetcatalog; path = Assets.xcassets; sourceTree = "<group>"; };
		81BCF4332507751100D92FC0 /* Base */ = {isa = PBXFileReference; lastKnownFileType = file.storyboard; name = Base; path = Base.lproj/LaunchScreen.storyboard; sourceTree = "<group>"; };
		81BCF4352507751100D92FC0 /* Info.plist */ = {isa = PBXFileReference; lastKnownFileType = text.plist.xml; path = Info.plist; sourceTree = "<group>"; };
		81BCF43A2507751100D92FC0 /* ItsuDareGameTests.xctest */ = {isa = PBXFileReference; explicitFileType = wrapper.cfbundle; includeInIndex = 0; path = ItsuDareGameTests.xctest; sourceTree = BUILT_PRODUCTS_DIR; };
		81BCF43E2507751100D92FC0 /* ItsuDareGameTests.swift */ = {isa = PBXFileReference; lastKnownFileType = sourcecode.swift; path = ItsuDareGameTests.swift; sourceTree = "<group>"; };
		81BCF4402507751100D92FC0 /* Info.plist */ = {isa = PBXFileReference; lastKnownFileType = text.plist.xml; path = Info.plist; sourceTree = "<group>"; };
		81BCF4452507751100D92FC0 /* ItsuDareGameUITests.xctest */ = {isa = PBXFileReference; explicitFileType = wrapper.cfbundle; includeInIndex = 0; path = ItsuDareGameUITests.xctest; sourceTree = BUILT_PRODUCTS_DIR; };
		81BCF4492507751100D92FC0 /* ItsuDareGameUITests.swift */ = {isa = PBXFileReference; lastKnownFileType = sourcecode.swift; path = ItsuDareGameUITests.swift; sourceTree = "<group>"; };
		81BCF44B2507751100D92FC0 /* Info.plist */ = {isa = PBXFileReference; lastKnownFileType = text.plist.xml; path = Info.plist; sourceTree = "<group>"; };
/* End PBXFileReference section */

/* Begin PBXFrameworksBuildPhase section */
		81BCF4212507750F00D92FC0 /* Frameworks */ = {
			isa = PBXFrameworksBuildPhase;
			buildActionMask = 2147483647;
			files = (
			);
			runOnlyForDeploymentPostprocessing = 0;
		};
		81BCF4372507751100D92FC0 /* Frameworks */ = {
			isa = PBXFrameworksBuildPhase;
			buildActionMask = 2147483647;
			files = (
			);
			runOnlyForDeploymentPostprocessing = 0;
		};
		81BCF4422507751100D92FC0 /* Frameworks */ = {
			isa = PBXFrameworksBuildPhase;
			buildActionMask = 2147483647;
			files = (
			);
			runOnlyForDeploymentPostprocessing = 0;
		};
/* End PBXFrameworksBuildPhase section */

/* Begin PBXGroup section */
		81BCF41B2507750F00D92FC0 = {
			isa = PBXGroup;
			children = (
				81BCF4262507750F00D92FC0 /* ItsuDareGame */,
				81BCF43D2507751100D92FC0 /* ItsuDareGameTests */,
				81BCF4482507751100D92FC0 /* ItsuDareGameUITests */,
				81BCF4252507750F00D92FC0 /* Products */,
			);
			sourceTree = "<group>";
		};
		81BCF4252507750F00D92FC0 /* Products */ = {
			isa = PBXGroup;
			children = (
				81BCF4242507750F00D92FC0 /* ItsuDareGame.app */,
				81BCF43A2507751100D92FC0 /* ItsuDareGameTests.xctest */,
				81BCF4452507751100D92FC0 /* ItsuDareGameUITests.xctest */,
			);
			name = Products;
			sourceTree = "<group>";
		};
		81BCF4262507750F00D92FC0 /* ItsuDareGame */ = {
			isa = PBXGroup;
			children = (
				81BCF4272507750F00D92FC0 /* AppDelegate.swift */,
				81BCF4292507750F00D92FC0 /* SceneDelegate.swift */,
				81BCF42B2507750F00D92FC0 /* ViewController.swift */,
				81BCF42D2507750F00D92FC0 /* Main.storyboard */,
				81BCF4302507751100D92FC0 /* Assets.xcassets */,
				81BCF4322507751100D92FC0 /* LaunchScreen.storyboard */,
				81BCF4352507751100D92FC0 /* Info.plist */,
			);
			path = ItsuDareGame;
			sourceTree = "<group>";
		};
		81BCF43D2507751100D92FC0 /* ItsuDareGameTests */ = {
			isa = PBXGroup;
			children = (
				81BCF43E2507751100D92FC0 /* ItsuDareGameTests.swift */,
				81BCF4402507751100D92FC0 /* Info.plist */,
			);
			path = ItsuDareGameTests;
			sourceTree = "<group>";
		};
		81BCF4482507751100D92FC0 /* ItsuDareGameUITests */ = {
			isa = PBXGroup;
			children = (
				81BCF4492507751100D92FC0 /* ItsuDareGameUITests.swift */,
				81BCF44B2507751100D92FC0 /* Info.plist */,
			);
			path = ItsuDareGameUITests;
			sourceTree = "<group>";
		};
/* End PBXGroup section */

/* Begin PBXNativeTarget section */
		81BCF4232507750F00D92FC0 /* ItsuDareGame */ = {
			isa = PBXNativeTarget;
			buildConfigurationList = 81BCF44E2507751100D92FC0 /* Build configuration list for PBXNativeTarget "ItsuDareGame" */;
			buildPhases = (
				81BCF4202507750F00D92FC0 /* Sources */,
				81BCF4212507750F00D92FC0 /* Frameworks */,
				81BCF4222507750F00D92FC0 /* Resources */,
			);
			buildRules = (
			);
			dependencies = (
			);
			name = ItsuDareGame;
			productName = ItsuDareGame;
			productReference = 81BCF4242507750F00D92FC0 /* ItsuDareGame.app */;
			productType = "com.apple.product-type.application";
		};
		81BCF4392507751100D92FC0 /* ItsuDareGameTests */ = {
			isa = PBXNativeTarget;
			buildConfigurationList = 81BCF4512507751100D92FC0 /* Build configuration list for PBXNativeTarget "ItsuDareGameTests" */;
			buildPhases = (
				81BCF4362507751100D92FC0 /* Sources */,
				81BCF4372507751100D92FC0 /* Frameworks */,
				81BCF4382507751100D92FC0 /* Resources */,
			);
			buildRules = (
			);
			dependencies = (
				81BCF43C2507751100D92FC0 /* PBXTargetDependency */,
			);
			name = ItsuDareGameTests;
			productName = ItsuDareGameTests;
			productReference = 81BCF43A2507751100D92FC0 /* ItsuDareGameTests.xctest */;
			productType = "com.apple.product-type.bundle.unit-test";
		};
		81BCF4442507751100D92FC0 /* ItsuDareGameUITests */ = {
			isa = PBXNativeTarget;
			buildConfigurationList = 81BCF4542507751100D92FC0 /* Build configuration list for PBXNativeTarget "ItsuDareGameUITests" */;
			buildPhases = (
				81BCF4412507751100D92FC0 /* Sources */,
				81BCF4422507751100D92FC0 /* Frameworks */,
				81BCF4432507751100D92FC0 /* Resources */,
			);
			buildRules = (
			);
			dependencies = (
				81BCF4472507751100D92FC0 /* PBXTargetDependency */,
			);
			name = ItsuDareGameUITests;
			productName = ItsuDareGameUITests;
			productReference = 81BCF4452507751100D92FC0 /* ItsuDareGameUITests.xctest */;
			productType = "com.apple.product-type.bundle.ui-testing";
		};
/* End PBXNativeTarget section */

/* Begin PBXProject section */
		81BCF41C2507750F00D92FC0 /* Project object */ = {
			isa = PBXProject;
			attributes = {
				LastSwiftUpdateCheck = 1170;
				LastUpgradeCheck = 1170;
				ORGANIZATIONNAME = com.litech;
				TargetAttributes = {
					81BCF4232507750F00D92FC0 = {
						CreatedOnToolsVersion = 11.7;
					};
					81BCF4392507751100D92FC0 = {
						CreatedOnToolsVersion = 11.7;
						TestTargetID = 81BCF4232507750F00D92FC0;
					};
					81BCF4442507751100D92FC0 = {
						CreatedOnToolsVersion = 11.7;
						TestTargetID = 81BCF4232507750F00D92FC0;
					};
				};
			};
			buildConfigurationList = 81BCF41F2507750F00D92FC0 /* Build configuration list for PBXProject "ItsuDareGame" */;
			compatibilityVersion = "Xcode 9.3";
			developmentRegion = en;
			hasScannedForEncodings = 0;
			knownRegions = (
				en,
				Base,
			);
			mainGroup = 81BCF41B2507750F00D92FC0;
			productRefGroup = 81BCF4252507750F00D92FC0 /* Products */;
			projectDirPath = "";
			projectRoot = "";
			targets = (
				81BCF4232507750F00D92FC0 /* ItsuDareGame */,
				81BCF4392507751100D92FC0 /* ItsuDareGameTests */,
				81BCF4442507751100D92FC0 /* ItsuDareGameUITests */,
			);
		};
/* End PBXProject section */

/* Begin PBXResourcesBuildPhase section */
		81BCF4222507750F00D92FC0 /* Resources */ = {
			isa = PBXResourcesBuildPhase;
			buildActionMask = 2147483647;
			files = (
				81BCF4342507751100D92FC0 /* LaunchScreen.storyboard in Resources */,
				81BCF4312507751100D92FC0 /* Assets.xcassets in Resources */,
				81BCF42F2507750F00D92FC0 /* Main.storyboard in Resources */,
			);
			runOnlyForDeploymentPostprocessing = 0;
		};
		81BCF4382507751100D92FC0 /* Resources */ = {
			isa = PBXResourcesBuildPhase;
			buildActionMask = 2147483647;
			files = (
			);
			runOnlyForDeploymentPostprocessing = 0;
		};
		81BCF4432507751100D92FC0 /* Resources */ = {
			isa = PBXResourcesBuildPhase;
			buildActionMask = 2147483647;
			files = (
			);
			runOnlyForDeploymentPostprocessing = 0;
		};
/* End PBXResourcesBuildPhase section */

/* Begin PBXSourcesBuildPhase section */
		81BCF4202507750F00D92FC0 /* Sources */ = {
			isa = PBXSourcesBuildPhase;
			buildActionMask = 2147483647;
			files = (
				81BCF42C2507750F00D92FC0 /* ViewController.swift in Sources */,
				81BCF4282507750F00D92FC0 /* AppDelegate.swift in Sources */,
				81BCF42A2507750F00D92FC0 /* SceneDelegate.swift in Sources */,
			);
			runOnlyForDeploymentPostprocessing = 0;
		};
		81BCF4362507751100D92FC0 /* Sources */ = {
			isa = PBXSourcesBuildPhase;
			buildActionMask = 2147483647;
			files = (
				81BCF43F2507751100D92FC0 /* ItsuDareGameTests.swift in Sources */,
			);
			runOnlyForDeploymentPostprocessing = 0;
		};
		81BCF4412507751100D92FC0 /* Sources */ = {
			isa = PBXSourcesBuildPhase;
			buildActionMask = 2147483647;
			files = (
				81BCF44A2507751100D92FC0 /* ItsuDareGameUITests.swift in Sources */,
			);
			runOnlyForDeploymentPostprocessing = 0;
		};
/* End PBXSourcesBuildPhase section */

/* Begin PBXTargetDependency section */
		81BCF43C2507751100D92FC0 /* PBXTargetDependency */ = {
			isa = PBXTargetDependency;
			target = 81BCF4232507750F00D92FC0 /* ItsuDareGame */;
			targetProxy = 81BCF43B2507751100D92FC0 /* PBXContainerItemProxy */;
		};
		81BCF4472507751100D92FC0 /* PBXTargetDependency */ = {
			isa = PBXTargetDependency;
			target = 81BCF4232507750F00D92FC0 /* ItsuDareGame */;
			targetProxy = 81BCF4462507751100D92FC0 /* PBXContainerItemProxy */;
		};
/* End PBXTargetDependency section */

/* Begin PBXVariantGroup section */
		81BCF42D2507750F00D92FC0 /* Main.storyboard */ = {
			isa = PBXVariantGroup;
			children = (
				81BCF42E2507750F00D92FC0 /* Base */,
			);
			name = Main.storyboard;
			sourceTree = "<group>";
		};
		81BCF4322507751100D92FC0 /* LaunchScreen.storyboard */ = {
			isa = PBXVariantGroup;
			children = (
				81BCF4332507751100D92FC0 /* Base */,
			);
			name = LaunchScreen.storyboard;
			sourceTree = "<group>";
		};
/* End PBXVariantGroup section */

/* Begin XCBuildConfiguration section */
		81BCF44C2507751100D92FC0 /* Debug */ = {
			isa = XCBuildConfiguration;
			buildSettings = {
				ALWAYS_SEARCH_USER_PATHS = NO;
				CLANG_ANALYZER_NONNULL = YES;
				CLANG_ANALYZER_NUMBER_OBJECT_CONVERSION = YES_AGGRESSIVE;
				CLANG_CXX_LANGUAGE_STANDARD = "gnu++14";
				CLANG_CXX_LIBRARY = "libc++";
				CLANG_ENABLE_MODULES = YES;
				CLANG_ENABLE_OBJC_ARC = YES;
				CLANG_ENABLE_OBJC_WEAK = YES;
				CLANG_WARN_BLOCK_CAPTURE_AUTORELEASING = YES;
				CLANG_WARN_BOOL_CONVERSION = YES;
				CLANG_WARN_COMMA = YES;
				CLANG_WARN_CONSTANT_CONVERSION = YES;
				CLANG_WARN_DEPRECATED_OBJC_IMPLEMENTATIONS = YES;
				CLANG_WARN_DIRECT_OBJC_ISA_USAGE = YES_ERROR;
				CLANG_WARN_DOCUMENTATION_COMMENTS = YES;
				CLANG_WARN_EMPTY_BODY = YES;
				CLANG_WARN_ENUM_CONVERSION = YES;
				CLANG_WARN_INFINITE_RECURSION = YES;
				CLANG_WARN_INT_CONVERSION = YES;
				CLANG_WARN_NON_LITERAL_NULL_CONVERSION = YES;
				CLANG_WARN_OBJC_IMPLICIT_RETAIN_SELF = YES;
				CLANG_WARN_OBJC_LITERAL_CONVERSION = YES;
				CLANG_WARN_OBJC_ROOT_CLASS = YES_ERROR;
				CLANG_WARN_RANGE_LOOP_ANALYSIS = YES;
				CLANG_WARN_STRICT_PROTOTYPES = YES;
				CLANG_WARN_SUSPICIOUS_MOVE = YES;
				CLANG_WARN_UNGUARDED_AVAILABILITY = YES_AGGRESSIVE;
				CLANG_WARN_UNREACHABLE_CODE = YES;
				CLANG_WARN__DUPLICATE_METHOD_MATCH = YES;
				COPY_PHASE_STRIP = NO;
				DEBUG_INFORMATION_FORMAT = dwarf;
				ENABLE_STRICT_OBJC_MSGSEND = YES;
				ENABLE_TESTABILITY = YES;
				GCC_C_LANGUAGE_STANDARD = gnu11;
				GCC_DYNAMIC_NO_PIC = NO;
				GCC_NO_COMMON_BLOCKS = YES;
				GCC_OPTIMIZATION_LEVEL = 0;
				GCC_PREPROCESSOR_DEFINITIONS = (
					"DEBUG=1",
					"$(inherited)",
				);
				GCC_WARN_64_TO_32_BIT_CONVERSION = YES;
				GCC_WARN_ABOUT_RETURN_TYPE = YES_ERROR;
				GCC_WARN_UNDECLARED_SELECTOR = YES;
				GCC_WARN_UNINITIALIZED_AUTOS = YES_AGGRESSIVE;
				GCC_WARN_UNUSED_FUNCTION = YES;
				GCC_WARN_UNUSED_VARIABLE = YES;
				IPHONEOS_DEPLOYMENT_TARGET = 13.7;
				MTL_ENABLE_DEBUG_INFO = INCLUDE_SOURCE;
				MTL_FAST_MATH = YES;
				ONLY_ACTIVE_ARCH = YES;
				SDKROOT = iphoneos;
				SWIFT_ACTIVE_COMPILATION_CONDITIONS = DEBUG;
				SWIFT_OPTIMIZATION_LEVEL = "-Onone";
			};
			name = Debug;
		};
		81BCF44D2507751100D92FC0 /* Release */ = {
			isa = XCBuildConfiguration;
			buildSettings = {
				ALWAYS_SEARCH_USER_PATHS = NO;
				CLANG_ANALYZER_NONNULL = YES;
				CLANG_ANALYZER_NUMBER_OBJECT_CONVERSION = YES_AGGRESSIVE;
				CLANG_CXX_LANGUAGE_STANDARD = "gnu++14";
				CLANG_CXX_LIBRARY = "libc++";
				CLANG_ENABLE_MODULES = YES;
				CLANG_ENABLE_OBJC_ARC = YES;
				CLANG_ENABLE_OBJC_WEAK = YES;
				CLANG_WARN_BLOCK_CAPTURE_AUTORELEASING = YES;
				CLANG_WARN_BOOL_CONVERSION = YES;
				CLANG_WARN_COMMA = YES;
				CLANG_WARN_CONSTANT_CONVERSION = YES;
				CLANG_WARN_DEPRECATED_OBJC_IMPLEMENTATIONS = YES;
				CLANG_WARN_DIRECT_OBJC_ISA_USAGE = YES_ERROR;
				CLANG_WARN_DOCUMENTATION_COMMENTS = YES;
				CLANG_WARN_EMPTY_BODY = YES;
				CLANG_WARN_ENUM_CONVERSION = YES;
				CLANG_WARN_INFINITE_RECURSION = YES;
				CLANG_WARN_INT_CONVERSION = YES;
				CLANG_WARN_NON_LITERAL_NULL_CONVERSION = YES;
				CLANG_WARN_OBJC_IMPLICIT_RETAIN_SELF = YES;
				CLANG_WARN_OBJC_LITERAL_CONVERSION = YES;
				CLANG_WARN_OBJC_ROOT_CLASS = YES_ERROR;
				CLANG_WARN_RANGE_LOOP_ANALYSIS = YES;
				CLANG_WARN_STRICT_PROTOTYPES = YES;
				CLANG_WARN_SUSPICIOUS_MOVE = YES;
				CLANG_WARN_UNGUARDED_AVAILABILITY = YES_AGGRESSIVE;
				CLANG_WARN_UNREACHABLE_CODE = YES;
				CLANG_WARN__DUPLICATE_METHOD_MATCH = YES;
				COPY_PHASE_STRIP = NO;
				DEBUG_INFORMATION_FORMAT = "dwarf-with-dsym";
				ENABLE_NS_ASSERTIONS = NO;
				ENABLE_STRICT_OBJC_MSGSEND = YES;
				GCC_C_LANGUAGE_STANDARD = gnu11;
				GCC_NO_COMMON_BLOCKS = YES;
				GCC_WARN_64_TO_32_BIT_CONVERSION = YES;
				GCC_WARN_ABOUT_RETURN_TYPE = YES_ERROR;
				GCC_WARN_UNDECLARED_SELECTOR = YES;
				GCC_WARN_UNINITIALIZED_AUTOS = YES_AGGRESSIVE;
				GCC_WARN_UNUSED_FUNCTION = YES;
				GCC_WARN_UNUSED_VARIABLE = YES;
				IPHONEOS_DEPLOYMENT_TARGET = 13.7;
				MTL_ENABLE_DEBUG_INFO = NO;
				MTL_FAST_MATH = YES;
				SDKROOT = iphoneos;
				SWIFT_COMPILATION_MODE = wholemodule;
				SWIFT_OPTIMIZATION_LEVEL = "-O";
				VALIDATE_PRODUCT = YES;
			};
			name = Release;
		};
		81BCF44F2507751100D92FC0 /* Debug */ = {
			isa = XCBuildConfiguration;
			buildSettings = {
				ASSETCATALOG_COMPILER_APPICON_NAME = AppIcon;
				CODE_SIGN_STYLE = Automatic;
				INFOPLIST_FILE = ItsuDareGame/Info.plist;
				LD_RUNPATH_SEARCH_PATHS = (
					"$(inherited)",
					"@executable_path/Frameworks",
				);
				PRODUCT_BUNDLE_IDENTIFIER = com.litech.ItsuDareGame;
				PRODUCT_NAME = "$(TARGET_NAME)";
				SWIFT_VERSION = 5.0;
				TARGETED_DEVICE_FAMILY = "1,2";
			};
			name = Debug;
		};
		81BCF4502507751100D92FC0 /* Release */ = {
			isa = XCBuildConfiguration;
			buildSettings = {
				ASSETCATALOG_COMPILER_APPICON_NAME = AppIcon;
				CODE_SIGN_STYLE = Automatic;
				INFOPLIST_FILE = ItsuDareGame/Info.plist;
				LD_RUNPATH_SEARCH_PATHS = (
					"$(inherited)",
					"@executable_path/Frameworks",
				);
				PRODUCT_BUNDLE_IDENTIFIER = com.litech.ItsuDareGame;
				PRODUCT_NAME = "$(TARGET_NAME)";
				SWIFT_VERSION = 5.0;
				TARGETED_DEVICE_FAMILY = "1,2";
			};
			name = Release;
		};
		81BCF4522507751100D92FC0 /* Debug */ = {
			isa = XCBuildConfiguration;
			buildSettings = {
				ALWAYS_EMBED_SWIFT_STANDARD_LIBRARIES = YES;
				BUNDLE_LOADER = "$(TEST_HOST)";
				CODE_SIGN_STYLE = Automatic;
				INFOPLIST_FILE = ItsuDareGameTests/Info.plist;
				IPHONEOS_DEPLOYMENT_TARGET = 13.7;
				LD_RUNPATH_SEARCH_PATHS = (
					"$(inherited)",
					"@executable_path/Frameworks",
					"@loader_path/Frameworks",
				);
				PRODUCT_BUNDLE_IDENTIFIER = com.litech.ItsuDareGameTests;
				PRODUCT_NAME = "$(TARGET_NAME)";
				SWIFT_VERSION = 5.0;
				TARGETED_DEVICE_FAMILY = "1,2";
				TEST_HOST = "$(BUILT_PRODUCTS_DIR)/ItsuDareGame.app/ItsuDareGame";
			};
			name = Debug;
		};
		81BCF4532507751100D92FC0 /* Release */ = {
			isa = XCBuildConfiguration;
			buildSettings = {
				ALWAYS_EMBED_SWIFT_STANDARD_LIBRARIES = YES;
				BUNDLE_LOADER = "$(TEST_HOST)";
				CODE_SIGN_STYLE = Automatic;
				INFOPLIST_FILE = ItsuDareGameTests/Info.plist;
				IPHONEOS_DEPLOYMENT_TARGET = 13.7;
				LD_RUNPATH_SEARCH_PATHS = (
					"$(inherited)",
					"@executable_path/Frameworks",
					"@loader_path/Frameworks",
				);
				PRODUCT_BUNDLE_IDENTIFIER = com.litech.ItsuDareGameTests;
				PRODUCT_NAME = "$(TARGET_NAME)";
				SWIFT_VERSION = 5.0;
				TARGETED_DEVICE_FAMILY = "1,2";
				TEST_HOST = "$(BUILT_PRODUCTS_DIR)/ItsuDareGame.app/ItsuDareGame";
			};
			name = Release;
		};
		81BCF4552507751100D92FC0 /* Debug */ = {
			isa = XCBuildConfiguration;
			buildSettings = {
				ALWAYS_EMBED_SWIFT_STANDARD_LIBRARIES = YES;
				CODE_SIGN_STYLE = Automatic;
				INFOPLIST_FILE = ItsuDareGameUITests/Info.plist;
				LD_RUNPATH_SEARCH_PATHS = (
					"$(inherited)",
					"@executable_path/Frameworks",
					"@loader_path/Frameworks",
				);
				PRODUCT_BUNDLE_IDENTIFIER = com.litech.ItsuDareGameUITests;
				PRODUCT_NAME = "$(TARGET_NAME)";
				SWIFT_VERSION = 5.0;
				TARGETED_DEVICE_FAMILY = "1,2";
				TEST_TARGET_NAME = ItsuDareGame;
			};
			name = Debug;
		};
		81BCF4562507751100D92FC0 /* Release */ = {
			isa = XCBuildConfiguration;
			buildSettings = {
				ALWAYS_EMBED_SWIFT_STANDARD_LIBRARIES = YES;
				CODE_SIGN_STYLE = Automatic;
				INFOPLIST_FILE = ItsuDareGameUITests/Info.plist;
				LD_RUNPATH_SEARCH_PATHS = (
					"$(inherited)",
					"@executable_path/Frameworks",
					"@loader_path/Frameworks",
				);
				PRODUCT_BUNDLE_IDENTIFIER = com.litech.ItsuDareGameUITests;
				PRODUCT_NAME = "$(TARGET_NAME)";
				SWIFT_VERSION = 5.0;
				TARGETED_DEVICE_FAMILY = "1,2";
				TEST_TARGET_NAME = ItsuDareGame;
			};
			name = Release;
		};
/* End XCBuildConfiguration section */

/* Begin XCConfigurationList section */
		81BCF41F2507750F00D92FC0 /* Build configuration list for PBXProject "ItsuDareGame" */ = {
			isa = XCConfigurationList;
			buildConfigurations = (
				81BCF44C2507751100D92FC0 /* Debug */,
				81BCF44D2507751100D92FC0 /* Release */,
			);
			defaultConfigurationIsVisible = 0;
			defaultConfigurationName = Release;
		};
		81BCF44E2507751100D92FC0 /* Build configuration list for PBXNativeTarget "ItsuDareGame" */ = {
			isa = XCConfigurationList;
			buildConfigurations = (
				81BCF44F2507751100D92FC0 /* Debug */,
				81BCF4502507751100D92FC0 /* Release */,
			);
			defaultConfigurationIsVisible = 0;
			defaultConfigurationName = Release;
		};
		81BCF4512507751100D92FC0 /* Build configuration list for PBXNativeTarget "ItsuDareGameTests" */ = {
			isa = XCConfigurationList;
			buildConfigurations = (
				81BCF4522507751100D92FC0 /* Debug */,
				81BCF4532507751100D92FC0 /* Release */,
			);
			defaultConfigurationIsVisible = 0;
			defaultConfigurationName = Release;
		};
		81BCF4542507751100D92FC0 /* Build configuration list for PBXNativeTarget "ItsuDareGameUITests" */ = {
			isa = XCConfigurationList;
			buildConfigurations = (
				81BCF4552507751100D92FC0 /* Debug */,
				81BCF4562507751100D92FC0 /* Release */,
			);
			defaultConfigurationIsVisible = 0;
			defaultConfigurationName = Release;
		};
/* End XCConfigurationList section */
	};
	rootObject = 81BCF41C2507750F00D92FC0 /* Project object */;
}
